PODS:
  - Alamofire (5.4.4)
  - Moya/Combine (15.0.0):
    - Moya/Core
  - Moya/Core (15.0.0):
    - Alamofire (~> 5.0)
  - Result (5.0.0)
  - SwiftGen (6.4.0)

DEPENDENCIES:
  - Moya/Combine (~> 15.0)
  - Result (~> 5.0)
  - SwiftGen (~> 6.4.0)

SPEC REPOS:
  trunk:
    - Alamofire
    - Moya
    - Result
    - SwiftGen

SPEC CHECKSUMS:
  Alamofire: f3b09a368f1582ab751b3fff5460276e0d2cf5c9
  Moya: 138f0573e53411fb3dc17016add0b748dfbd78ee
  Result: ed341d2f236af425b803e690e9bd8fd0a0cb7c5a
  SwiftGen: 67860cc7c3cfc2ed25b9b74cfd55495fc89f9108

PODFILE CHECKSUM: 3c2f3bbd06b2080fc0b9c785c29ac7ffa17ee1df

COCOAPODS: 1.11.0
