// !$*UTF8*$!
{
	archiveVersion = 1;
	classes = {
	};
	objectVersion = 51;
	objects = {

/* Begin PBXBuildFile section */
		5246C0CC26EB572C005FA1D4 /* APIProtocol.swift in Sources */ = {isa = PBXBuildFile; fileRef = 5246C0CB26EB572C005FA1D4 /* APIProtocol.swift */; };
		5246C0D026EB5984005FA1D4 /* NotesTarget.swift in Sources */ = {isa = PBXBuildFile; fileRef = 5246C0CF26EB5984005FA1D4 /* NotesTarget.swift */; };
		5246C0D626EB66B8005FA1D4 /* KeyHolder.swift in Sources */ = {isa = PBXBuildFile; fileRef = 5246C0D526EB66B8005FA1D4 /* KeyHolder.swift */; };
		5246C0D826EB7F70005FA1D4 /* NoteDTO.swift in Sources */ = {isa = PBXBuildFile; fileRef = 5246C0D726EB7F70005FA1D4 /* NoteDTO.swift */; };
		5246C0DB26EB9049005FA1D4 /* LoginAPIProtocol.swift in Sources */ = {isa = PBXBuildFile; fileRef = 5246C0DA26EB9049005FA1D4 /* LoginAPIProtocol.swift */; };
		5246C0DD26EB926D005FA1D4 /* LoginAPI.swift in Sources */ = {isa = PBXBuildFile; fileRef = 5246C0DC26EB926D005FA1D4 /* LoginAPI.swift */; };
		5246C0DF26EB92BE005FA1D4 /* LoginTarget.swift in Sources */ = {isa = PBXBuildFile; fileRef = 5246C0DE26EB92BE005FA1D4 /* LoginTarget.swift */; };
		5246C0E126EB9F88005FA1D4 /* User.swift in Sources */ = {isa = PBXBuildFile; fileRef = 5246C0E026EB9F88005FA1D4 /* User.swift */; };
		5246C0E326EB9FC1005FA1D4 /* UserDTO.swift in Sources */ = {isa = PBXBuildFile; fileRef = 5246C0E226EB9FC1005FA1D4 /* UserDTO.swift */; };
		5246C0E526EC9705005FA1D4 /* LoginVC.swift in Sources */ = {isa = PBXBuildFile; fileRef = 5246C0E426EC9704005FA1D4 /* LoginVC.swift */; };
		5246C0E826EC971C005FA1D4 /* LoginViewModel.swift in Sources */ = {isa = PBXBuildFile; fileRef = 5246C0E726EC971C005FA1D4 /* LoginViewModel.swift */; };
		5246C0EB26EC97FE005FA1D4 /* ViewCodeProtocol.swift in Sources */ = {isa = PBXBuildFile; fileRef = 5246C0EA26EC97FE005FA1D4 /* ViewCodeProtocol.swift */; };
		5246C0ED26EC9CFE005FA1D4 /* BindableProtocol.swift in Sources */ = {isa = PBXBuildFile; fileRef = 5246C0EC26EC9CFE005FA1D4 /* BindableProtocol.swift */; };
		5246C0EF26ED22ED005FA1D4 /* Router.swift in Sources */ = {isa = PBXBuildFile; fileRef = 5246C0EE26ED22ED005FA1D4 /* Router.swift */; };
		5246C0F526ED2793005FA1D4 /* Assets.swift in Sources */ = {isa = PBXBuildFile; fileRef = 5246C0F326ED2793005FA1D4 /* Assets.swift */; };
		5246C0F626ED2793005FA1D4 /* Strings.swift in Sources */ = {isa = PBXBuildFile; fileRef = 5246C0F426ED2793005FA1D4 /* Strings.swift */; };
		5246C0FA26ED2F0B005FA1D4 /* Localizable.strings in Resources */ = {isa = PBXBuildFile; fileRef = 5246C0FC26ED2F0B005FA1D4 /* Localizable.strings */; };
		5246C10026EDF188005FA1D4 /* UITextField+Extensions.swift in Sources */ = {isa = PBXBuildFile; fileRef = 5246C0FF26EDF188005FA1D4 /* UITextField+Extensions.swift */; };
		5246C10326EE15BD005FA1D4 /* Weakify.swift in Sources */ = {isa = PBXBuildFile; fileRef = 5246C10226EE15BD005FA1D4 /* Weakify.swift */; };
		5246C10526EF48CA005FA1D4 /* CombineCompatible.swift in Sources */ = {isa = PBXBuildFile; fileRef = 5246C10426EF48CA005FA1D4 /* CombineCompatible.swift */; };
		5246C10826EF48FE005FA1D4 /* UIControl+Combine.swift in Sources */ = {isa = PBXBuildFile; fileRef = 5246C10726EF48FE005FA1D4 /* UIControl+Combine.swift */; };
		5246C10A26EF494E005FA1D4 /* UIGestureRecognizer+Combine.swift in Sources */ = {isa = PBXBuildFile; fileRef = 5246C10926EF494E005FA1D4 /* UIGestureRecognizer+Combine.swift */; };
		5246C10C26EF680D005FA1D4 /* UIImage+Extensions.swift in Sources */ = {isa = PBXBuildFile; fileRef = 5246C10B26EF680D005FA1D4 /* UIImage+Extensions.swift */; };
		5246C10E26EF7DB7005FA1D4 /* Factory.swift in Sources */ = {isa = PBXBuildFile; fileRef = 5246C10D26EF7DB7005FA1D4 /* Factory.swift */; };
		5246C11126EF7DF4005FA1D4 /* FactoryProtocol.swift in Sources */ = {isa = PBXBuildFile; fileRef = 5246C11026EF7DF4005FA1D4 /* FactoryProtocol.swift */; };
		5246C11326EFB02D005FA1D4 /* ANButton.swift in Sources */ = {isa = PBXBuildFile; fileRef = 5246C11226EFB02C005FA1D4 /* ANButton.swift */; };
		528D2DE226E8FC930095AA77 /* AppDelegate.swift in Sources */ = {isa = PBXBuildFile; fileRef = 528D2DE126E8FC930095AA77 /* AppDelegate.swift */; };
		528D2DEB26E8FC980095AA77 /* Assets.xcassets in Resources */ = {isa = PBXBuildFile; fileRef = 528D2DEA26E8FC980095AA77 /* Assets.xcassets */; };
		528D2DEE26E8FC980095AA77 /* LaunchScreen.storyboard in Resources */ = {isa = PBXBuildFile; fileRef = 528D2DEC26E8FC980095AA77 /* LaunchScreen.storyboard */; };
		528D2DF826E9FF420095AA77 /* NotesTableVC.swift in Sources */ = {isa = PBXBuildFile; fileRef = 528D2DF726E9FF420095AA77 /* NotesTableVC.swift */; };
		528D2DFF26EA07B60095AA77 /* NotesTableCell.swift in Sources */ = {isa = PBXBuildFile; fileRef = 528D2DFE26EA07B60095AA77 /* NotesTableCell.swift */; };
		528D2E0226EA08240095AA77 /* NotesCreationVC.swift in Sources */ = {isa = PBXBuildFile; fileRef = 528D2E0126EA08240095AA77 /* NotesCreationVC.swift */; };
		528D2E0426EA08560095AA77 /* NotesViewModel.swift in Sources */ = {isa = PBXBuildFile; fileRef = 528D2E0326EA08560095AA77 /* NotesViewModel.swift */; };
		528D2E0626EA08690095AA77 /* NotesCreationViewModel.swift in Sources */ = {isa = PBXBuildFile; fileRef = 528D2E0526EA08690095AA77 /* NotesCreationViewModel.swift */; };
		528D2E0B26EA08C60095AA77 /* CoreDataModel.xcdatamodeld in Sources */ = {isa = PBXBuildFile; fileRef = 528D2E0926EA08C60095AA77 /* CoreDataModel.xcdatamodeld */; };
		528D2E1C26EA1BD40095AA77 /* CoreDataManager.swift in Sources */ = {isa = PBXBuildFile; fileRef = 528D2E1B26EA1BD40095AA77 /* CoreDataManager.swift */; };
		528D2E1E26EA1DBA0095AA77 /* DBManagerProtocol.swift in Sources */ = {isa = PBXBuildFile; fileRef = 528D2E1D26EA1DBA0095AA77 /* DBManagerProtocol.swift */; };
		528D2E2026EA1E300095AA77 /* NotesAPIProtocol.swift in Sources */ = {isa = PBXBuildFile; fileRef = 528D2E1F26EA1E300095AA77 /* NotesAPIProtocol.swift */; };
		528D2E2226EA1E620095AA77 /* NotesAPI.swift in Sources */ = {isa = PBXBuildFile; fileRef = 528D2E2126EA1E620095AA77 /* NotesAPI.swift */; };
		528D2E2426EA338A0095AA77 /* Note.swift in Sources */ = {isa = PBXBuildFile; fileRef = 528D2E2326EA338A0095AA77 /* Note.swift */; };
		B2D61CE14A57B6D96928D18A /* Pods_Notes.framework in Frameworks */ = {isa = PBXBuildFile; fileRef = 51192068211AC726A2C53202 /* Pods_Notes.framework */; };
/* End PBXBuildFile section */

/* Begin PBXFileReference section */
		51192068211AC726A2C53202 /* Pods_Notes.framework */ = {isa = PBXFileReference; explicitFileType = wrapper.framework; includeInIndex = 0; path = Pods_Notes.framework; sourceTree = BUILT_PRODUCTS_DIR; };
		5246C0CB26EB572C005FA1D4 /* APIProtocol.swift */ = {isa = PBXFileReference; lastKnownFileType = sourcecode.swift; path = APIProtocol.swift; sourceTree = "<group>"; };
		5246C0CF26EB5984005FA1D4 /* NotesTarget.swift */ = {isa = PBXFileReference; lastKnownFileType = sourcecode.swift; path = NotesTarget.swift; sourceTree = "<group>"; };
		5246C0D526EB66B8005FA1D4 /* KeyHolder.swift */ = {isa = PBXFileReference; lastKnownFileType = sourcecode.swift; path = KeyHolder.swift; sourceTree = "<group>"; };
		5246C0D726EB7F70005FA1D4 /* NoteDTO.swift */ = {isa = PBXFileReference; lastKnownFileType = sourcecode.swift; path = NoteDTO.swift; sourceTree = "<group>"; };
		5246C0DA26EB9049005FA1D4 /* LoginAPIProtocol.swift */ = {isa = PBXFileReference; lastKnownFileType = sourcecode.swift; path = LoginAPIProtocol.swift; sourceTree = "<group>"; };
		5246C0DC26EB926D005FA1D4 /* LoginAPI.swift */ = {isa = PBXFileReference; lastKnownFileType = sourcecode.swift; path = LoginAPI.swift; sourceTree = "<group>"; };
		5246C0DE26EB92BE005FA1D4 /* LoginTarget.swift */ = {isa = PBXFileReference; lastKnownFileType = sourcecode.swift; path = LoginTarget.swift; sourceTree = "<group>"; };
		5246C0E026EB9F88005FA1D4 /* User.swift */ = {isa = PBXFileReference; lastKnownFileType = sourcecode.swift; path = User.swift; sourceTree = "<group>"; };
		5246C0E226EB9FC1005FA1D4 /* UserDTO.swift */ = {isa = PBXFileReference; lastKnownFileType = sourcecode.swift; path = UserDTO.swift; sourceTree = "<group>"; };
		5246C0E426EC9704005FA1D4 /* LoginVC.swift */ = {isa = PBXFileReference; lastKnownFileType = sourcecode.swift; path = LoginVC.swift; sourceTree = "<group>"; };
		5246C0E726EC971C005FA1D4 /* LoginViewModel.swift */ = {isa = PBXFileReference; lastKnownFileType = sourcecode.swift; path = LoginViewModel.swift; sourceTree = "<group>"; };
		5246C0EA26EC97FE005FA1D4 /* ViewCodeProtocol.swift */ = {isa = PBXFileReference; lastKnownFileType = sourcecode.swift; path = ViewCodeProtocol.swift; sourceTree = "<group>"; };
		5246C0EC26EC9CFE005FA1D4 /* BindableProtocol.swift */ = {isa = PBXFileReference; lastKnownFileType = sourcecode.swift; path = BindableProtocol.swift; sourceTree = "<group>"; };
		5246C0EE26ED22ED005FA1D4 /* Router.swift */ = {isa = PBXFileReference; lastKnownFileType = sourcecode.swift; path = Router.swift; sourceTree = "<group>"; };
		5246C0F326ED2793005FA1D4 /* Assets.swift */ = {isa = PBXFileReference; fileEncoding = 4; lastKnownFileType = sourcecode.swift; path = Assets.swift; sourceTree = "<group>"; };
		5246C0F426ED2793005FA1D4 /* Strings.swift */ = {isa = PBXFileReference; fileEncoding = 4; lastKnownFileType = sourcecode.swift; path = Strings.swift; sourceTree = "<group>"; };
		5246C0F726ED2D06005FA1D4 /* ru */ = {isa = PBXFileReference; lastKnownFileType = text.plist.strings; name = ru; path = ru.lproj/LaunchScreen.strings; sourceTree = "<group>"; };
		5246C0FB26ED2F0B005FA1D4 /* en */ = {isa = PBXFileReference; lastKnownFileType = text.plist.strings; name = en; path = en.lproj/Localizable.strings; sourceTree = "<group>"; };
		5246C0FE26ED2FC5005FA1D4 /* ru */ = {isa = PBXFileReference; lastKnownFileType = text.plist.strings; name = ru; path = ru.lproj/Localizable.strings; sourceTree = "<group>"; };
		5246C0FF26EDF188005FA1D4 /* UITextField+Extensions.swift */ = {isa = PBXFileReference; lastKnownFileType = sourcecode.swift; path = "UITextField+Extensions.swift"; sourceTree = "<group>"; };
		5246C10226EE15BD005FA1D4 /* Weakify.swift */ = {isa = PBXFileReference; lastKnownFileType = sourcecode.swift; path = Weakify.swift; sourceTree = "<group>"; };
		5246C10426EF48CA005FA1D4 /* CombineCompatible.swift */ = {isa = PBXFileReference; lastKnownFileType = sourcecode.swift; path = CombineCompatible.swift; sourceTree = "<group>"; };
		5246C10726EF48FE005FA1D4 /* UIControl+Combine.swift */ = {isa = PBXFileReference; lastKnownFileType = sourcecode.swift; path = "UIControl+Combine.swift"; sourceTree = "<group>"; };
		5246C10926EF494E005FA1D4 /* UIGestureRecognizer+Combine.swift */ = {isa = PBXFileReference; lastKnownFileType = sourcecode.swift; path = "UIGestureRecognizer+Combine.swift"; sourceTree = "<group>"; };
		5246C10B26EF680D005FA1D4 /* UIImage+Extensions.swift */ = {isa = PBXFileReference; lastKnownFileType = sourcecode.swift; path = "UIImage+Extensions.swift"; sourceTree = "<group>"; };
		5246C10D26EF7DB7005FA1D4 /* Factory.swift */ = {isa = PBXFileReference; lastKnownFileType = sourcecode.swift; path = Factory.swift; sourceTree = "<group>"; };
		5246C11026EF7DF4005FA1D4 /* FactoryProtocol.swift */ = {isa = PBXFileReference; lastKnownFileType = sourcecode.swift; path = FactoryProtocol.swift; sourceTree = "<group>"; };
		5246C11226EFB02C005FA1D4 /* ANButton.swift */ = {isa = PBXFileReference; lastKnownFileType = sourcecode.swift; path = ANButton.swift; sourceTree = "<group>"; };
		528D2DDE26E8FC930095AA77 /* Notes.app */ = {isa = PBXFileReference; explicitFileType = wrapper.application; includeInIndex = 0; path = Notes.app; sourceTree = BUILT_PRODUCTS_DIR; };
		528D2DE126E8FC930095AA77 /* AppDelegate.swift */ = {isa = PBXFileReference; lastKnownFileType = sourcecode.swift; path = AppDelegate.swift; sourceTree = "<group>"; };
		528D2DEA26E8FC980095AA77 /* Assets.xcassets */ = {isa = PBXFileReference; lastKnownFileType = folder.assetcatalog; path = Assets.xcassets; sourceTree = "<group>"; };
		528D2DED26E8FC980095AA77 /* Base */ = {isa = PBXFileReference; lastKnownFileType = file.storyboard; name = Base; path = Base.lproj/LaunchScreen.storyboard; sourceTree = "<group>"; };
		528D2DEF26E8FC980095AA77 /* Info.plist */ = {isa = PBXFileReference; lastKnownFileType = text.plist.xml; path = Info.plist; sourceTree = "<group>"; };
		528D2DF726E9FF420095AA77 /* NotesTableVC.swift */ = {isa = PBXFileReference; lastKnownFileType = sourcecode.swift; path = NotesTableVC.swift; sourceTree = "<group>"; };
		528D2DFE26EA07B60095AA77 /* NotesTableCell.swift */ = {isa = PBXFileReference; lastKnownFileType = sourcecode.swift; path = NotesTableCell.swift; sourceTree = "<group>"; };
		528D2E0126EA08240095AA77 /* NotesCreationVC.swift */ = {isa = PBXFileReference; lastKnownFileType = sourcecode.swift; path = NotesCreationVC.swift; sourceTree = "<group>"; };
		528D2E0326EA08560095AA77 /* NotesViewModel.swift */ = {isa = PBXFileReference; lastKnownFileType = sourcecode.swift; path = NotesViewModel.swift; sourceTree = "<group>"; };
		528D2E0526EA08690095AA77 /* NotesCreationViewModel.swift */ = {isa = PBXFileReference; lastKnownFileType = sourcecode.swift; path = NotesCreationViewModel.swift; sourceTree = "<group>"; };
		528D2E0A26EA08C60095AA77 /* Note.xcdatamodel */ = {isa = PBXFileReference; lastKnownFileType = wrapper.xcdatamodel; path = Note.xcdatamodel; sourceTree = "<group>"; };
		528D2E1B26EA1BD40095AA77 /* CoreDataManager.swift */ = {isa = PBXFileReference; lastKnownFileType = sourcecode.swift; path = CoreDataManager.swift; sourceTree = "<group>"; };
		528D2E1D26EA1DBA0095AA77 /* DBManagerProtocol.swift */ = {isa = PBXFileReference; lastKnownFileType = sourcecode.swift; path = DBManagerProtocol.swift; sourceTree = "<group>"; };
		528D2E1F26EA1E300095AA77 /* NotesAPIProtocol.swift */ = {isa = PBXFileReference; lastKnownFileType = sourcecode.swift; path = NotesAPIProtocol.swift; sourceTree = "<group>"; };
		528D2E2126EA1E620095AA77 /* NotesAPI.swift */ = {isa = PBXFileReference; lastKnownFileType = sourcecode.swift; path = NotesAPI.swift; sourceTree = "<group>"; };
		528D2E2326EA338A0095AA77 /* Note.swift */ = {isa = PBXFileReference; lastKnownFileType = sourcecode.swift; path = Note.swift; sourceTree = "<group>"; };
		55AD57DBDDEEF1F114559BF6 /* Pods-Notes.release.xcconfig */ = {isa = PBXFileReference; includeInIndex = 1; lastKnownFileType = text.xcconfig; name = "Pods-Notes.release.xcconfig"; path = "Target Support Files/Pods-Notes/Pods-Notes.release.xcconfig"; sourceTree = "<group>"; };
		97DCDFD44247B7209E50FE8D /* Pods-Notes.debug.xcconfig */ = {isa = PBXFileReference; includeInIndex = 1; lastKnownFileType = text.xcconfig; name = "Pods-Notes.debug.xcconfig"; path = "Target Support Files/Pods-Notes/Pods-Notes.debug.xcconfig"; sourceTree = "<group>"; };
/* End PBXFileReference section */

/* Begin PBXFrameworksBuildPhase section */
		528D2DDB26E8FC930095AA77 /* Frameworks */ = {
			isa = PBXFrameworksBuildPhase;
			buildActionMask = 2147483647;
			files = (
				B2D61CE14A57B6D96928D18A /* Pods_Notes.framework in Frameworks */,
			);
			runOnlyForDeploymentPostprocessing = 0;
		};
/* End PBXFrameworksBuildPhase section */

/* Begin PBXGroup section */
		5246C0CD26EB5951005FA1D4 /* Protocols */ = {
			isa = PBXGroup;
			children = (
				5246C0DA26EB9049005FA1D4 /* LoginAPIProtocol.swift */,
				528D2E1F26EA1E300095AA77 /* NotesAPIProtocol.swift */,
			);
			path = Protocols;
			sourceTree = "<group>";
		};
		5246C0CE26EB595A005FA1D4 /* API */ = {
			isa = PBXGroup;
			children = (
				5246C0DC26EB926D005FA1D4 /* LoginAPI.swift */,
				528D2E2126EA1E620095AA77 /* NotesAPI.swift */,
			);
			path = API;
			sourceTree = "<group>";
		};
		5246C0D126EB5988005FA1D4 /* Targets */ = {
			isa = PBXGroup;
			children = (
				5246C0DE26EB92BE005FA1D4 /* LoginTarget.swift */,
				5246C0CF26EB5984005FA1D4 /* NotesTarget.swift */,
			);
			path = Targets;
			sourceTree = "<group>";
		};
		5246C0D926EB8073005FA1D4 /* DTO */ = {
			isa = PBXGroup;
			children = (
				5246C0E226EB9FC1005FA1D4 /* UserDTO.swift */,
				5246C0D726EB7F70005FA1D4 /* NoteDTO.swift */,
			);
			path = DTO;
			sourceTree = "<group>";
		};
		5246C0E626EC9709005FA1D4 /* Login */ = {
			isa = PBXGroup;
			children = (
				5246C0E426EC9704005FA1D4 /* LoginVC.swift */,
			);
			path = Login;
			sourceTree = "<group>";
		};
		5246C0E926EC9720005FA1D4 /* Login */ = {
			isa = PBXGroup;
			children = (
				5246C0E726EC971C005FA1D4 /* LoginViewModel.swift */,
			);
			path = Login;
			sourceTree = "<group>";
		};
		5246C0F026ED22F3005FA1D4 /* Router */ = {
			isa = PBXGroup;
			children = (
				5246C0EE26ED22ED005FA1D4 /* Router.swift */,
			);
			path = Router;
			sourceTree = "<group>";
		};
		5246C0F226ED2768005FA1D4 /* Generated */ = {
			isa = PBXGroup;
			children = (
				5246C0F326ED2793005FA1D4 /* Assets.swift */,
				5246C0F426ED2793005FA1D4 /* Strings.swift */,
			);
			path = Generated;
			sourceTree = "<group>";
		};
		5246C10126EDF18C005FA1D4 /* UIKit */ = {
			isa = PBXGroup;
			children = (
				5246C0FF26EDF188005FA1D4 /* UITextField+Extensions.swift */,
				5246C10B26EF680D005FA1D4 /* UIImage+Extensions.swift */,
				5246C11226EFB02C005FA1D4 /* ANButton.swift */,
			);
			path = UIKit;
			sourceTree = "<group>";
		};
		5246C10626EF48D6005FA1D4 /* Combine */ = {
			isa = PBXGroup;
			children = (
				5246C10426EF48CA005FA1D4 /* CombineCompatible.swift */,
				5246C10726EF48FE005FA1D4 /* UIControl+Combine.swift */,
				5246C10926EF494E005FA1D4 /* UIGestureRecognizer+Combine.swift */,
			);
			path = Combine;
			sourceTree = "<group>";
		};
		5246C10F26EF7DBE005FA1D4 /* Factory */ = {
			isa = PBXGroup;
			children = (
				5246C11026EF7DF4005FA1D4 /* FactoryProtocol.swift */,
				5246C10D26EF7DB7005FA1D4 /* Factory.swift */,
			);
			path = Factory;
			sourceTree = "<group>";
		};
		528D2DD526E8FC930095AA77 = {
			isa = PBXGroup;
			children = (
				528D2DE026E8FC930095AA77 /* Notes */,
				528D2DDF26E8FC930095AA77 /* Products */,
				D8FDCFE05F288759C1EB439D /* Pods */,
				AE3F3797A08DF64DF2C888A7 /* Frameworks */,
			);
			sourceTree = "<group>";
		};
		528D2DDF26E8FC930095AA77 /* Products */ = {
			isa = PBXGroup;
			children = (
				528D2DDE26E8FC930095AA77 /* Notes.app */,
			);
			name = Products;
			sourceTree = "<group>";
		};
		528D2DE026E8FC930095AA77 /* Notes */ = {
			isa = PBXGroup;
			children = (
				528D2DF526E9FE9F0095AA77 /* Sources */,
				528D2DF626E9FEA50095AA77 /* Resources */,
			);
			path = Notes;
			sourceTree = "<group>";
		};
		528D2DF526E9FE9F0095AA77 /* Sources */ = {
			isa = PBXGroup;
			children = (
				528D2E0D26EA10D00095AA77 /* Misc */,
				528D2DFB26EA07660095AA77 /* Model */,
				528D2DF926EA07460095AA77 /* View */,
				528D2DFA26EA07570095AA77 /* ViewModel */,
				5246C0F026ED22F3005FA1D4 /* Router */,
				5246C10F26EF7DBE005FA1D4 /* Factory */,
				528D2E0C26EA10BA0095AA77 /* Service */,
				528D2E1A26EA1BA90095AA77 /* DB */,
			);
			path = Sources;
			sourceTree = "<group>";
		};
		528D2DF626E9FEA50095AA77 /* Resources */ = {
			isa = PBXGroup;
			children = (
				5246C0F226ED2768005FA1D4 /* Generated */,
				528D2DE126E8FC930095AA77 /* AppDelegate.swift */,
				528D2DEA26E8FC980095AA77 /* Assets.xcassets */,
				528D2DEC26E8FC980095AA77 /* LaunchScreen.storyboard */,
				528D2DEF26E8FC980095AA77 /* Info.plist */,
				5246C0FC26ED2F0B005FA1D4 /* Localizable.strings */,
			);
			path = Resources;
			sourceTree = "<group>";
		};
		528D2DF926EA07460095AA77 /* View */ = {
			isa = PBXGroup;
			children = (
				5246C0E626EC9709005FA1D4 /* Login */,
				528D2DFC26EA07890095AA77 /* Notes */,
				528D2E0026EA08030095AA77 /* Creation */,
			);
			path = View;
			sourceTree = "<group>";
		};
		528D2DFA26EA07570095AA77 /* ViewModel */ = {
			isa = PBXGroup;
			children = (
				5246C0E926EC9720005FA1D4 /* Login */,
				528D2E0726EA086F0095AA77 /* Notes */,
				528D2E0826EA08760095AA77 /* Creation */,
			);
			path = ViewModel;
			sourceTree = "<group>";
		};
		528D2DFB26EA07660095AA77 /* Model */ = {
			isa = PBXGroup;
			children = (
				528D2E0926EA08C60095AA77 /* CoreDataModel.xcdatamodeld */,
				528D2E2326EA338A0095AA77 /* Note.swift */,
				5246C0E026EB9F88005FA1D4 /* User.swift */,
			);
			path = Model;
			sourceTree = "<group>";
		};
		528D2DFC26EA07890095AA77 /* Notes */ = {
			isa = PBXGroup;
			children = (
				528D2DF726E9FF420095AA77 /* NotesTableVC.swift */,
				528D2DFD26EA079C0095AA77 /* Cell */,
			);
			path = Notes;
			sourceTree = "<group>";
		};
		528D2DFD26EA079C0095AA77 /* Cell */ = {
			isa = PBXGroup;
			children = (
				528D2DFE26EA07B60095AA77 /* NotesTableCell.swift */,
			);
			path = Cell;
			sourceTree = "<group>";
		};
		528D2E0026EA08030095AA77 /* Creation */ = {
			isa = PBXGroup;
			children = (
				528D2E0126EA08240095AA77 /* NotesCreationVC.swift */,
			);
			path = Creation;
			sourceTree = "<group>";
		};
		528D2E0726EA086F0095AA77 /* Notes */ = {
			isa = PBXGroup;
			children = (
				528D2E0326EA08560095AA77 /* NotesViewModel.swift */,
			);
			path = Notes;
			sourceTree = "<group>";
		};
		528D2E0826EA08760095AA77 /* Creation */ = {
			isa = PBXGroup;
			children = (
				528D2E0526EA08690095AA77 /* NotesCreationViewModel.swift */,
			);
			path = Creation;
			sourceTree = "<group>";
		};
		528D2E0C26EA10BA0095AA77 /* Service */ = {
			isa = PBXGroup;
			children = (
				5246C0CB26EB572C005FA1D4 /* APIProtocol.swift */,
				5246C0D926EB8073005FA1D4 /* DTO */,
				5246C0CD26EB5951005FA1D4 /* Protocols */,
				5246C0CE26EB595A005FA1D4 /* API */,
				5246C0D126EB5988005FA1D4 /* Targets */,
			);
			path = Service;
			sourceTree = "<group>";
		};
		528D2E0D26EA10D00095AA77 /* Misc */ = {
			isa = PBXGroup;
			children = (
				5246C0D526EB66B8005FA1D4 /* KeyHolder.swift */,
				5246C0EA26EC97FE005FA1D4 /* ViewCodeProtocol.swift */,
				5246C0EC26EC9CFE005FA1D4 /* BindableProtocol.swift */,
				5246C10126EDF18C005FA1D4 /* UIKit */,
				5246C10226EE15BD005FA1D4 /* Weakify.swift */,
				5246C10626EF48D6005FA1D4 /* Combine */,
			);
			path = Misc;
			sourceTree = "<group>";
		};
		528D2E1A26EA1BA90095AA77 /* DB */ = {
			isa = PBXGroup;
			children = (
				528D2E1D26EA1DBA0095AA77 /* DBManagerProtocol.swift */,
				528D2E1B26EA1BD40095AA77 /* CoreDataManager.swift */,
			);
			path = DB;
			sourceTree = "<group>";
		};
		AE3F3797A08DF64DF2C888A7 /* Frameworks */ = {
			isa = PBXGroup;
			children = (
				51192068211AC726A2C53202 /* Pods_Notes.framework */,
			);
			name = Frameworks;
			sourceTree = "<group>";
		};
		D8FDCFE05F288759C1EB439D /* Pods */ = {
			isa = PBXGroup;
			children = (
				97DCDFD44247B7209E50FE8D /* Pods-Notes.debug.xcconfig */,
				55AD57DBDDEEF1F114559BF6 /* Pods-Notes.release.xcconfig */,
			);
			path = Pods;
			sourceTree = "<group>";
		};
/* End PBXGroup section */

/* Begin PBXNativeTarget section */
		528D2DDD26E8FC930095AA77 /* Notes */ = {
			isa = PBXNativeTarget;
			buildConfigurationList = 528D2DF226E8FC980095AA77 /* Build configuration list for PBXNativeTarget "Notes" */;
			buildPhases = (
				4E9F57EE908E644D710DD8FF /* [CP] Check Pods Manifest.lock */,
				5246C0F126ED26B0005FA1D4 /* SwiftGen */,
				528D2DDA26E8FC930095AA77 /* Sources */,
				528D2DDB26E8FC930095AA77 /* Frameworks */,
				528D2DDC26E8FC930095AA77 /* Resources */,
				8CD6E0802532C1F6E0CF4785 /* [CP] Embed Pods Frameworks */,
			);
			buildRules = (
			);
			dependencies = (
			);
			name = Notes;
			productName = Notes;
			productReference = 528D2DDE26E8FC930095AA77 /* Notes.app */;
			productType = "com.apple.product-type.application";
		};
/* End PBXNativeTarget section */

/* Begin PBXProject section */
		528D2DD626E8FC930095AA77 /* Project object */ = {
			isa = PBXProject;
			attributes = {
				LastSwiftUpdateCheck = 1250;
				LastUpgradeCheck = 1250;
				TargetAttributes = {
					528D2DDD26E8FC930095AA77 = {
						CreatedOnToolsVersion = 12.5.1;
					};
				};
			};
			buildConfigurationList = 528D2DD926E8FC930095AA77 /* Build configuration list for PBXProject "Notes" */;
			compatibilityVersion = "Xcode 9.3";
			developmentRegion = en;
			hasScannedForEncodings = 0;
			knownRegions = (
				en,
				Base,
				ru,
			);
			mainGroup = 528D2DD526E8FC930095AA77;
			productRefGroup = 528D2DDF26E8FC930095AA77 /* Products */;
			projectDirPath = "";
			projectRoot = "";
			targets = (
				528D2DDD26E8FC930095AA77 /* Notes */,
			);
		};
/* End PBXProject section */

/* Begin PBXResourcesBuildPhase section */
		528D2DDC26E8FC930095AA77 /* Resources */ = {
			isa = PBXResourcesBuildPhase;
			buildActionMask = 2147483647;
			files = (
				528D2DEE26E8FC980095AA77 /* LaunchScreen.storyboard in Resources */,
				5246C0FA26ED2F0B005FA1D4 /* Localizable.strings in Resources */,
				528D2DEB26E8FC980095AA77 /* Assets.xcassets in Resources */,
			);
			runOnlyForDeploymentPostprocessing = 0;
		};
/* End PBXResourcesBuildPhase section */

/* Begin PBXShellScriptBuildPhase section */
		4E9F57EE908E644D710DD8FF /* [CP] Check Pods Manifest.lock */ = {
			isa = PBXShellScriptBuildPhase;
			buildActionMask = 2147483647;
			files = (
			);
			inputFileListPaths = (
			);
			inputPaths = (
				"${PODS_PODFILE_DIR_PATH}/Podfile.lock",
				"${PODS_ROOT}/Manifest.lock",
			);
			name = "[CP] Check Pods Manifest.lock";
			outputFileListPaths = (
			);
			outputPaths = (
				"$(DERIVED_FILE_DIR)/Pods-Notes-checkManifestLockResult.txt",
			);
			runOnlyForDeploymentPostprocessing = 0;
			shellPath = /bin/sh;
			shellScript = "diff \"${PODS_PODFILE_DIR_PATH}/Podfile.lock\" \"${PODS_ROOT}/Manifest.lock\" > /dev/null\nif [ $? != 0 ] ; then\n    # print error to STDERR\n    echo \"error: The sandbox is not in sync with the Podfile.lock. Run 'pod install' or update your CocoaPods installation.\" >&2\n    exit 1\nfi\n# This output is used by Xcode 'outputs' to avoid re-running this script phase.\necho \"SUCCESS\" > \"${SCRIPT_OUTPUT_FILE_0}\"\n";
			showEnvVarsInLog = 0;
		};
		5246C0F126ED26B0005FA1D4 /* SwiftGen */ = {
			isa = PBXShellScriptBuildPhase;
			buildActionMask = 2147483647;
			files = (
			);
			inputFileListPaths = (
			);
			inputPaths = (
			);
			name = SwiftGen;
			outputFileListPaths = (
			);
			outputPaths = (
			);
			runOnlyForDeploymentPostprocessing = 0;
			shellPath = /bin/sh;
			shellScript = "swiftgen config run --config \"$SRCROOT/swiftgen.yml\"\n";
		};
		8CD6E0802532C1F6E0CF4785 /* [CP] Embed Pods Frameworks */ = {
			isa = PBXShellScriptBuildPhase;
			buildActionMask = 2147483647;
			files = (
			);
			inputFileListPaths = (
				"${PODS_ROOT}/Target Support Files/Pods-Notes/Pods-Notes-frameworks-${CONFIGURATION}-input-files.xcfilelist",
			);
			name = "[CP] Embed Pods Frameworks";
			outputFileListPaths = (
				"${PODS_ROOT}/Target Support Files/Pods-Notes/Pods-Notes-frameworks-${CONFIGURATION}-output-files.xcfilelist",
			);
			runOnlyForDeploymentPostprocessing = 0;
			shellPath = /bin/sh;
			shellScript = "\"${PODS_ROOT}/Target Support Files/Pods-Notes/Pods-Notes-frameworks.sh\"\n";
			showEnvVarsInLog = 0;
		};
/* End PBXShellScriptBuildPhase section */

/* Begin PBXSourcesBuildPhase section */
		528D2DDA26E8FC930095AA77 /* Sources */ = {
			isa = PBXSourcesBuildPhase;
			buildActionMask = 2147483647;
			files = (
				5246C11326EFB02D005FA1D4 /* ANButton.swift in Sources */,
				5246C0E826EC971C005FA1D4 /* LoginViewModel.swift in Sources */,
				5246C0EB26EC97FE005FA1D4 /* ViewCodeProtocol.swift in Sources */,
				5246C0E526EC9705005FA1D4 /* LoginVC.swift in Sources */,
				5246C0D026EB5984005FA1D4 /* NotesTarget.swift in Sources */,
				5246C0D626EB66B8005FA1D4 /* KeyHolder.swift in Sources */,
				528D2DE226E8FC930095AA77 /* AppDelegate.swift in Sources */,
				5246C0F626ED2793005FA1D4 /* Strings.swift in Sources */,
				528D2E0426EA08560095AA77 /* NotesViewModel.swift in Sources */,
				5246C0DD26EB926D005FA1D4 /* LoginAPI.swift in Sources */,
				528D2E2026EA1E300095AA77 /* NotesAPIProtocol.swift in Sources */,
				5246C0D826EB7F70005FA1D4 /* NoteDTO.swift in Sources */,
				5246C0DF26EB92BE005FA1D4 /* LoginTarget.swift in Sources */,
				5246C0E126EB9F88005FA1D4 /* User.swift in Sources */,
				5246C0EF26ED22ED005FA1D4 /* Router.swift in Sources */,
				5246C10526EF48CA005FA1D4 /* CombineCompatible.swift in Sources */,
				5246C0CC26EB572C005FA1D4 /* APIProtocol.swift in Sources */,
				528D2DF826E9FF420095AA77 /* NotesTableVC.swift in Sources */,
				528D2DFF26EA07B60095AA77 /* NotesTableCell.swift in Sources */,
				5246C10026EDF188005FA1D4 /* UITextField+Extensions.swift in Sources */,
				5246C0E326EB9FC1005FA1D4 /* UserDTO.swift in Sources */,
				528D2E0B26EA08C60095AA77 /* CoreDataModel.xcdatamodeld in Sources */,
				5246C0DB26EB9049005FA1D4 /* LoginAPIProtocol.swift in Sources */,
				5246C11126EF7DF4005FA1D4 /* FactoryProtocol.swift in Sources */,
				5246C0ED26EC9CFE005FA1D4 /* BindableProtocol.swift in Sources */,
				5246C10A26EF494E005FA1D4 /* UIGestureRecognizer+Combine.swift in Sources */,
				528D2E1E26EA1DBA0095AA77 /* DBManagerProtocol.swift in Sources */,
				528D2E0226EA08240095AA77 /* NotesCreationVC.swift in Sources */,
				5246C10826EF48FE005FA1D4 /* UIControl+Combine.swift in Sources */,
				5246C10326EE15BD005FA1D4 /* Weakify.swift in Sources */,
				528D2E2226EA1E620095AA77 /* NotesAPI.swift in Sources */,
				528D2E1C26EA1BD40095AA77 /* CoreDataManager.swift in Sources */,
				528D2E0626EA08690095AA77 /* NotesCreationViewModel.swift in Sources */,
				5246C10C26EF680D005FA1D4 /* UIImage+Extensions.swift in Sources */,
				528D2E2426EA338A0095AA77 /* Note.swift in Sources */,
				5246C0F526ED2793005FA1D4 /* Assets.swift in Sources */,
				5246C10E26EF7DB7005FA1D4 /* Factory.swift in Sources */,
			);
			runOnlyForDeploymentPostprocessing = 0;
		};
/* End PBXSourcesBuildPhase section */

/* Begin PBXVariantGroup section */
		5246C0FC26ED2F0B005FA1D4 /* Localizable.strings */ = {
			isa = PBXVariantGroup;
			children = (
				5246C0FB26ED2F0B005FA1D4 /* en */,
				5246C0FE26ED2FC5005FA1D4 /* ru */,
			);
			name = Localizable.strings;
			sourceTree = "<group>";
		};
		528D2DEC26E8FC980095AA77 /* LaunchScreen.storyboard */ = {
			isa = PBXVariantGroup;
			children = (
				528D2DED26E8FC980095AA77 /* Base */,
				5246C0F726ED2D06005FA1D4 /* ru */,
			);
			name = LaunchScreen.storyboard;
			sourceTree = "<group>";
		};
/* End PBXVariantGroup section */

/* Begin XCBuildConfiguration section */
		528D2DF026E8FC980095AA77 /* Debug */ = {
			isa = XCBuildConfiguration;
			buildSettings = {
				ALWAYS_SEARCH_USER_PATHS = NO;
				CLANG_ANALYZER_LOCALIZABILITY_NONLOCALIZED = YES;
				CLANG_ANALYZER_NONNULL = YES;
				CLANG_ANALYZER_NUMBER_OBJECT_CONVERSION = YES_AGGRESSIVE;
				CLANG_CXX_LANGUAGE_STANDARD = "gnu++14";
				CLANG_CXX_LIBRARY = "libc++";
				CLANG_ENABLE_MODULES = YES;
				CLANG_ENABLE_OBJC_ARC = YES;
				CLANG_ENABLE_OBJC_WEAK = YES;
				CLANG_WARN_BLOCK_CAPTURE_AUTORELEASING = YES;
				CLANG_WARN_BOOL_CONVERSION = YES;
				CLANG_WARN_COMMA = YES;
				CLANG_WARN_CONSTANT_CONVERSION = YES;
				CLANG_WARN_DEPRECATED_OBJC_IMPLEMENTATIONS = YES;
				CLANG_WARN_DIRECT_OBJC_ISA_USAGE = YES_ERROR;
				CLANG_WARN_DOCUMENTATION_COMMENTS = YES;
				CLANG_WARN_EMPTY_BODY = YES;
				CLANG_WARN_ENUM_CONVERSION = YES;
				CLANG_WARN_INFINITE_RECURSION = YES;
				CLANG_WARN_INT_CONVERSION = YES;
				CLANG_WARN_NON_LITERAL_NULL_CONVERSION = YES;
				CLANG_WARN_OBJC_IMPLICIT_RETAIN_SELF = YES;
				CLANG_WARN_OBJC_LITERAL_CONVERSION = YES;
				CLANG_WARN_OBJC_ROOT_CLASS = YES_ERROR;
				CLANG_WARN_QUOTED_INCLUDE_IN_FRAMEWORK_HEADER = YES;
				CLANG_WARN_RANGE_LOOP_ANALYSIS = YES;
				CLANG_WARN_STRICT_PROTOTYPES = YES;
				CLANG_WARN_SUSPICIOUS_MOVE = YES;
				CLANG_WARN_UNGUARDED_AVAILABILITY = YES_AGGRESSIVE;
				CLANG_WARN_UNREACHABLE_CODE = YES;
				CLANG_WARN__DUPLICATE_METHOD_MATCH = YES;
				COPY_PHASE_STRIP = NO;
				DEBUG_INFORMATION_FORMAT = dwarf;
				ENABLE_STRICT_OBJC_MSGSEND = YES;
				ENABLE_TESTABILITY = YES;
				GCC_C_LANGUAGE_STANDARD = gnu11;
				GCC_DYNAMIC_NO_PIC = NO;
				GCC_NO_COMMON_BLOCKS = YES;
				GCC_OPTIMIZATION_LEVEL = 0;
				GCC_PREPROCESSOR_DEFINITIONS = (
					"DEBUG=1",
					"$(inherited)",
				);
				GCC_WARN_64_TO_32_BIT_CONVERSION = YES;
				GCC_WARN_ABOUT_RETURN_TYPE = YES_ERROR;
				GCC_WARN_UNDECLARED_SELECTOR = YES;
				GCC_WARN_UNINITIALIZED_AUTOS = YES_AGGRESSIVE;
				GCC_WARN_UNUSED_FUNCTION = YES;
				GCC_WARN_UNUSED_VARIABLE = YES;
				IPHONEOS_DEPLOYMENT_TARGET = 14.5;
				MTL_ENABLE_DEBUG_INFO = INCLUDE_SOURCE;
				MTL_FAST_MATH = YES;
				ONLY_ACTIVE_ARCH = YES;
				SDKROOT = iphoneos;
				SWIFT_ACTIVE_COMPILATION_CONDITIONS = DEBUG;
				SWIFT_OPTIMIZATION_LEVEL = "-Onone";
			};
			name = Debug;
		};
		528D2DF126E8FC980095AA77 /* Release */ = {
			isa = XCBuildConfiguration;
			buildSettings = {
				ALWAYS_SEARCH_USER_PATHS = NO;
				CLANG_ANALYZER_LOCALIZABILITY_NONLOCALIZED = YES;
				CLANG_ANALYZER_NONNULL = YES;
				CLANG_ANALYZER_NUMBER_OBJECT_CONVERSION = YES_AGGRESSIVE;
				CLANG_CXX_LANGUAGE_STANDARD = "gnu++14";
				CLANG_CXX_LIBRARY = "libc++";
				CLANG_ENABLE_MODULES = YES;
				CLANG_ENABLE_OBJC_ARC = YES;
				CLANG_ENABLE_OBJC_WEAK = YES;
				CLANG_WARN_BLOCK_CAPTURE_AUTORELEASING = YES;
				CLANG_WARN_BOOL_CONVERSION = YES;
				CLANG_WARN_COMMA = YES;
				CLANG_WARN_CONSTANT_CONVERSION = YES;
				CLANG_WARN_DEPRECATED_OBJC_IMPLEMENTATIONS = YES;
				CLANG_WARN_DIRECT_OBJC_ISA_USAGE = YES_ERROR;
				CLANG_WARN_DOCUMENTATION_COMMENTS = YES;
				CLANG_WARN_EMPTY_BODY = YES;
				CLANG_WARN_ENUM_CONVERSION = YES;
				CLANG_WARN_INFINITE_RECURSION = YES;
				CLANG_WARN_INT_CONVERSION = YES;
				CLANG_WARN_NON_LITERAL_NULL_CONVERSION = YES;
				CLANG_WARN_OBJC_IMPLICIT_RETAIN_SELF = YES;
				CLANG_WARN_OBJC_LITERAL_CONVERSION = YES;
				CLANG_WARN_OBJC_ROOT_CLASS = YES_ERROR;
				CLANG_WARN_QUOTED_INCLUDE_IN_FRAMEWORK_HEADER = YES;
				CLANG_WARN_RANGE_LOOP_ANALYSIS = YES;
				CLANG_WARN_STRICT_PROTOTYPES = YES;
				CLANG_WARN_SUSPICIOUS_MOVE = YES;
				CLANG_WARN_UNGUARDED_AVAILABILITY = YES_AGGRESSIVE;
				CLANG_WARN_UNREACHABLE_CODE = YES;
				CLANG_WARN__DUPLICATE_METHOD_MATCH = YES;
				COPY_PHASE_STRIP = NO;
				DEBUG_INFORMATION_FORMAT = "dwarf-with-dsym";
				ENABLE_NS_ASSERTIONS = NO;
				ENABLE_STRICT_OBJC_MSGSEND = YES;
				GCC_C_LANGUAGE_STANDARD = gnu11;
				GCC_NO_COMMON_BLOCKS = YES;
				GCC_WARN_64_TO_32_BIT_CONVERSION = YES;
				GCC_WARN_ABOUT_RETURN_TYPE = YES_ERROR;
				GCC_WARN_UNDECLARED_SELECTOR = YES;
				GCC_WARN_UNINITIALIZED_AUTOS = YES_AGGRESSIVE;
				GCC_WARN_UNUSED_FUNCTION = YES;
				GCC_WARN_UNUSED_VARIABLE = YES;
				IPHONEOS_DEPLOYMENT_TARGET = 14.5;
				MTL_ENABLE_DEBUG_INFO = NO;
				MTL_FAST_MATH = YES;
				SDKROOT = iphoneos;
				SWIFT_COMPILATION_MODE = wholemodule;
				SWIFT_OPTIMIZATION_LEVEL = "-O";
				VALIDATE_PRODUCT = YES;
			};
			name = Release;
		};
		528D2DF326E8FC980095AA77 /* Debug */ = {
			isa = XCBuildConfiguration;
			baseConfigurationReference = 97DCDFD44247B7209E50FE8D /* Pods-Notes.debug.xcconfig */;
			buildSettings = {
				ASSETCATALOG_COMPILER_APPICON_NAME = AppIcon;
				ASSETCATALOG_COMPILER_GLOBAL_ACCENT_COLOR_NAME = AccentColor;
				CODE_SIGN_STYLE = Automatic;
				DEVELOPMENT_TEAM = 9JDR28PH3A;
				INFOPLIST_FILE = Notes/Info.plist;
				LD_RUNPATH_SEARCH_PATHS = (
					"$(inherited)",
					"@executable_path/Frameworks",
				);
				PRODUCT_BUNDLE_IDENTIFIER = "Artur-Nikolaienko.Notes";
				PRODUCT_NAME = "$(TARGET_NAME)";
				SWIFT_VERSION = 5.0;
				TARGETED_DEVICE_FAMILY = 1;
			};
			name = Debug;
		};
		528D2DF426E8FC980095AA77 /* Release */ = {
			isa = XCBuildConfiguration;
			baseConfigurationReference = 55AD57DBDDEEF1F114559BF6 /* Pods-Notes.release.xcconfig */;
			buildSettings = {
				ASSETCATALOG_COMPILER_APPICON_NAME = AppIcon;
				ASSETCATALOG_COMPILER_GLOBAL_ACCENT_COLOR_NAME = AccentColor;
				CODE_SIGN_STYLE = Automatic;
				DEVELOPMENT_TEAM = 9JDR28PH3A;
				INFOPLIST_FILE = Notes/Info.plist;
				LD_RUNPATH_SEARCH_PATHS = (
					"$(inherited)",
					"@executable_path/Frameworks",
				);
				PRODUCT_BUNDLE_IDENTIFIER = "Artur-Nikolaienko.Notes";
				PRODUCT_NAME = "$(TARGET_NAME)";
				SWIFT_VERSION = 5.0;
				TARGETED_DEVICE_FAMILY = 1;
			};
			name = Release;
		};
/* End XCBuildConfiguration section */

/* Begin XCConfigurationList section */
		528D2DD926E8FC930095AA77 /* Build configuration list for PBXProject "Notes" */ = {
			isa = XCConfigurationList;
			buildConfigurations = (
				528D2DF026E8FC980095AA77 /* Debug */,
				528D2DF126E8FC980095AA77 /* Release */,
			);
			defaultConfigurationIsVisible = 0;
			defaultConfigurationName = Debug;
		};
		528D2DF226E8FC980095AA77 /* Build configuration list for PBXNativeTarget "Notes" */ = {
			isa = XCConfigurationList;
			buildConfigurations = (
				528D2DF326E8FC980095AA77 /* Debug */,
				528D2DF426E8FC980095AA77 /* Release */,
			);
			defaultConfigurationIsVisible = 0;
			defaultConfigurationName = Debug;
		};
/* End XCConfigurationList section */

/* Begin XCVersionGroup section */
		528D2E0926EA08C60095AA77 /* CoreDataModel.xcdatamodeld */ = {
			isa = XCVersionGroup;
			children = (
				528D2E0A26EA08C60095AA77 /* Note.xcdatamodel */,
			);
			currentVersion = 528D2E0A26EA08C60095AA77 /* Note.xcdatamodel */;
			path = CoreDataModel.xcdatamodeld;
			sourceTree = "<group>";
			versionGroupType = wrapper.xcdatamodel;
		};
/* End XCVersionGroup section */
	};
	rootObject = 528D2DD626E8FC930095AA77 /* Project object */;
}
